// !$*UTF8*$!
{
	archiveVersion = 1;
	classes = {
	};
	objectVersion = 50;
	objects = {

/* Begin PBXBuildFile section */
		95D54CB9232A30D000139542 /* AppDelegate.swift in Sources */ = {isa = PBXBuildFile; fileRef = 95D54CB8232A30D000139542 /* AppDelegate.swift */; };
		95D54CBB232A30D000139542 /* ViewController.swift in Sources */ = {isa = PBXBuildFile; fileRef = 95D54CBA232A30D000139542 /* ViewController.swift */; };
		95D54CBE232A30D000139542 /* Main.storyboard in Resources */ = {isa = PBXBuildFile; fileRef = 95D54CBC232A30D000139542 /* Main.storyboard */; };
		95D54CC1232A30D000139542 /* New.xcdatamodeld in Sources */ = {isa = PBXBuildFile; fileRef = 95D54CBF232A30D000139542 /* New.xcdatamodeld */; };
		95D54CC3232A30D100139542 /* Assets.xcassets in Resources */ = {isa = PBXBuildFile; fileRef = 95D54CC2232A30D100139542 /* Assets.xcassets */; };
		95D54CC6232A30D100139542 /* LaunchScreen.storyboard in Resources */ = {isa = PBXBuildFile; fileRef = 95D54CC4232A30D100139542 /* LaunchScreen.storyboard */; };
		95D54CD1232A30D100139542 /* NewTests.swift in Sources */ = {isa = PBXBuildFile; fileRef = 95D54CD0232A30D100139542 /* NewTests.swift */; };
		95D54CDC232A30D100139542 /* NewUITests.swift in Sources */ = {isa = PBXBuildFile; fileRef = 95D54CDB232A30D100139542 /* NewUITests.swift */; };
/* End PBXBuildFile section */

/* Begin PBXContainerItemProxy section */
		95D54CCD232A30D100139542 /* PBXContainerItemProxy */ = {
			isa = PBXContainerItemProxy;
			containerPortal = 95D54CAD232A30D000139542 /* Project object */;
			proxyType = 1;
			remoteGlobalIDString = 95D54CB4232A30D000139542;
			remoteInfo = New;
		};
		95D54CD8232A30D100139542 /* PBXContainerItemProxy */ = {
			isa = PBXContainerItemProxy;
			containerPortal = 95D54CAD232A30D000139542 /* Project object */;
			proxyType = 1;
			remoteGlobalIDString = 95D54CB4232A30D000139542;
			remoteInfo = New;
		};
/* End PBXContainerItemProxy section */

/* Begin PBXFileReference section */
		95D54CB5232A30D000139542 /* New.app */ = {isa = PBXFileReference; explicitFileType = wrapper.application; includeInIndex = 0; path = New.app; sourceTree = BUILT_PRODUCTS_DIR; };
		95D54CB8232A30D000139542 /* AppDelegate.swift */ = {isa = PBXFileReference; lastKnownFileType = sourcecode.swift; path = AppDelegate.swift; sourceTree = "<group>"; };
		95D54CBA232A30D000139542 /* ViewController.swift */ = {isa = PBXFileReference; lastKnownFileType = sourcecode.swift; path = ViewController.swift; sourceTree = "<group>"; };
		95D54CBD232A30D000139542 /* Base */ = {isa = PBXFileReference; lastKnownFileType = file.storyboard; name = Base; path = Base.lproj/Main.storyboard; sourceTree = "<group>"; };
		95D54CC0232A30D000139542 /* New.xcdatamodel */ = {isa = PBXFileReference; lastKnownFileType = wrapper.xcdatamodel; path = New.xcdatamodel; sourceTree = "<group>"; };
		95D54CC2232A30D100139542 /* Assets.xcassets */ = {isa = PBXFileReference; lastKnownFileType = folder.assetcatalog; path = Assets.xcassets; sourceTree = "<group>"; };
		95D54CC5232A30D100139542 /* Base */ = {isa = PBXFileReference; lastKnownFileType = file.storyboard; name = Base; path = Base.lproj/LaunchScreen.storyboard; sourceTree = "<group>"; };
		95D54CC7232A30D100139542 /* Info.plist */ = {isa = PBXFileReference; lastKnownFileType = text.plist.xml; path = Info.plist; sourceTree = "<group>"; };
		95D54CCC232A30D100139542 /* NewTests.xctest */ = {isa = PBXFileReference; explicitFileType = wrapper.cfbundle; includeInIndex = 0; path = NewTests.xctest; sourceTree = BUILT_PRODUCTS_DIR; };
		95D54CD0232A30D100139542 /* NewTests.swift */ = {isa = PBXFileReference; lastKnownFileType = sourcecode.swift; path = NewTests.swift; sourceTree = "<group>"; };
		95D54CD2232A30D100139542 /* Info.plist */ = {isa = PBXFileReference; lastKnownFileType = text.plist.xml; path = Info.plist; sourceTree = "<group>"; };
		95D54CD7232A30D100139542 /* NewUITests.xctest */ = {isa = PBXFileReference; explicitFileType = wrapper.cfbundle; includeInIndex = 0; path = NewUITests.xctest; sourceTree = BUILT_PRODUCTS_DIR; };
		95D54CDB232A30D100139542 /* NewUITests.swift */ = {isa = PBXFileReference; lastKnownFileType = sourcecode.swift; path = NewUITests.swift; sourceTree = "<group>"; };
		95D54CDD232A30D100139542 /* Info.plist */ = {isa = PBXFileReference; lastKnownFileType = text.plist.xml; path = Info.plist; sourceTree = "<group>"; };
/* End PBXFileReference section */

/* Begin PBXFrameworksBuildPhase section */
		95D54CB2232A30D000139542 /* Frameworks */ = {
			isa = PBXFrameworksBuildPhase;
			buildActionMask = 2147483647;
			files = (
			);
			runOnlyForDeploymentPostprocessing = 0;
		};
		95D54CC9232A30D100139542 /* Frameworks */ = {
			isa = PBXFrameworksBuildPhase;
			buildActionMask = 2147483647;
			files = (
			);
			runOnlyForDeploymentPostprocessing = 0;
		};
		95D54CD4232A30D100139542 /* Frameworks */ = {
			isa = PBXFrameworksBuildPhase;
			buildActionMask = 2147483647;
			files = (
			);
			runOnlyForDeploymentPostprocessing = 0;
		};
/* End PBXFrameworksBuildPhase section */

/* Begin PBXGroup section */
		95D54CAC232A30D000139542 = {
			isa = PBXGroup;
			children = (
				95D54CB7232A30D000139542 /* New */,
				95D54CCF232A30D100139542 /* NewTests */,
				95D54CDA232A30D100139542 /* NewUITests */,
				95D54CB6232A30D000139542 /* Products */,
			);
			sourceTree = "<group>";
		};
		95D54CB6232A30D000139542 /* Products */ = {
			isa = PBXGroup;
			children = (
				95D54CB5232A30D000139542 /* New.app */,
				95D54CCC232A30D100139542 /* NewTests.xctest */,
				95D54CD7232A30D100139542 /* NewUITests.xctest */,
			);
			name = Products;
			sourceTree = "<group>";
		};
		95D54CB7232A30D000139542 /* New */ = {
			isa = PBXGroup;
			children = (
				95D54CB8232A30D000139542 /* AppDelegate.swift */,
				95D54CBA232A30D000139542 /* ViewController.swift */,
				95D54CBC232A30D000139542 /* Main.storyboard */,
				95D54CC2232A30D100139542 /* Assets.xcassets */,
				95D54CC4232A30D100139542 /* LaunchScreen.storyboard */,
				95D54CC7232A30D100139542 /* Info.plist */,
				95D54CBF232A30D000139542 /* New.xcdatamodeld */,
			);
			path = New;
			sourceTree = "<group>";
		};
		95D54CCF232A30D100139542 /* NewTests */ = {
			isa = PBXGroup;
			children = (
				95D54CD0232A30D100139542 /* NewTests.swift */,
				95D54CD2232A30D100139542 /* Info.plist */,
			);
			path = NewTests;
			sourceTree = "<group>";
		};
		95D54CDA232A30D100139542 /* NewUITests */ = {
			isa = PBXGroup;
			children = (
				95D54CDB232A30D100139542 /* NewUITests.swift */,
				95D54CDD232A30D100139542 /* Info.plist */,
			);
			path = NewUITests;
			sourceTree = "<group>";
		};
/* End PBXGroup section */

/* Begin PBXNativeTarget section */
		95D54CB4232A30D000139542 /* New */ = {
			isa = PBXNativeTarget;
			buildConfigurationList = 95D54CE0232A30D100139542 /* Build configuration list for PBXNativeTarget "New" */;
			buildPhases = (
				95D54CB1232A30D000139542 /* Sources */,
				95D54CB2232A30D000139542 /* Frameworks */,
				95D54CB3232A30D000139542 /* Resources */,
			);
			buildRules = (
			);
			dependencies = (
			);
			name = New;
			productName = New;
			productReference = 95D54CB5232A30D000139542 /* New.app */;
			productType = "com.apple.product-type.application";
		};
		95D54CCB232A30D100139542 /* NewTests */ = {
			isa = PBXNativeTarget;
			buildConfigurationList = 95D54CE3232A30D100139542 /* Build configuration list for PBXNativeTarget "NewTests" */;
			buildPhases = (
				95D54CC8232A30D100139542 /* Sources */,
				95D54CC9232A30D100139542 /* Frameworks */,
				95D54CCA232A30D100139542 /* Resources */,
			);
			buildRules = (
			);
			dependencies = (
				95D54CCE232A30D100139542 /* PBXTargetDependency */,
			);
			name = NewTests;
			productName = NewTests;
			productReference = 95D54CCC232A30D100139542 /* NewTests.xctest */;
			productType = "com.apple.product-type.bundle.unit-test";
		};
		95D54CD6232A30D100139542 /* NewUITests */ = {
			isa = PBXNativeTarget;
			buildConfigurationList = 95D54CE6232A30D100139542 /* Build configuration list for PBXNativeTarget "NewUITests" */;
			buildPhases = (
				95D54CD3232A30D100139542 /* Sources */,
				95D54CD4232A30D100139542 /* Frameworks */,
				95D54CD5232A30D100139542 /* Resources */,
			);
			buildRules = (
			);
			dependencies = (
				95D54CD9232A30D100139542 /* PBXTargetDependency */,
			);
			name = NewUITests;
			productName = NewUITests;
			productReference = 95D54CD7232A30D100139542 /* NewUITests.xctest */;
			productType = "com.apple.product-type.bundle.ui-testing";
		};
/* End PBXNativeTarget section */

/* Begin PBXProject section */
		95D54CAD232A30D000139542 /* Project object */ = {
			isa = PBXProject;
			attributes = {
				LastSwiftUpdateCheck = 1030;
				LastUpgradeCheck = 1030;
				ORGANIZATIONNAME = "Sheng Zhao Huang";
				TargetAttributes = {
					95D54CB4232A30D000139542 = {
						CreatedOnToolsVersion = 10.3;
					};
					95D54CCB232A30D100139542 = {
						CreatedOnToolsVersion = 10.3;
						TestTargetID = 95D54CB4232A30D000139542;
					};
					95D54CD6232A30D100139542 = {
						CreatedOnToolsVersion = 10.3;
						TestTargetID = 95D54CB4232A30D000139542;
					};
				};
			};
			buildConfigurationList = 95D54CB0232A30D000139542 /* Build configuration list for PBXProject "New" */;
			compatibilityVersion = "Xcode 9.3";
			developmentRegion = en;
			hasScannedForEncodings = 0;
			knownRegions = (
				en,
				Base,
			);
			mainGroup = 95D54CAC232A30D000139542;
			productRefGroup = 95D54CB6232A30D000139542 /* Products */;
			projectDirPath = "";
			projectRoot = "";
			targets = (
				95D54CB4232A30D000139542 /* New */,
				95D54CCB232A30D100139542 /* NewTests */,
				95D54CD6232A30D100139542 /* NewUITests */,
			);
		};
/* End PBXProject section */

/* Begin PBXResourcesBuildPhase section */
		95D54CB3232A30D000139542 /* Resources */ = {
			isa = PBXResourcesBuildPhase;
			buildActionMask = 2147483647;
			files = (
				95D54CC6232A30D100139542 /* LaunchScreen.storyboard in Resources */,
				95D54CC3232A30D100139542 /* Assets.xcassets in Resources */,
				95D54CBE232A30D000139542 /* Main.storyboard in Resources */,
			);
			runOnlyForDeploymentPostprocessing = 0;
		};
		95D54CCA232A30D100139542 /* Resources */ = {
			isa = PBXResourcesBuildPhase;
			buildActionMask = 2147483647;
			files = (
			);
			runOnlyForDeploymentPostprocessing = 0;
		};
		95D54CD5232A30D100139542 /* Resources */ = {
			isa = PBXResourcesBuildPhase;
			buildActionMask = 2147483647;
			files = (
			);
			runOnlyForDeploymentPostprocessing = 0;
		};
/* End PBXResourcesBuildPhase section */

/* Begin PBXSourcesBuildPhase section */
		95D54CB1232A30D000139542 /* Sources */ = {
			isa = PBXSourcesBuildPhase;
			buildActionMask = 2147483647;
			files = (
				95D54CC1232A30D000139542 /* New.xcdatamodeld in Sources */,
				95D54CBB232A30D000139542 /* ViewController.swift in Sources */,
				95D54CB9232A30D000139542 /* AppDelegate.swift in Sources */,
			);
			runOnlyForDeploymentPostprocessing = 0;
		};
		95D54CC8232A30D100139542 /* Sources */ = {
			isa = PBXSourcesBuildPhase;
			buildActionMask = 2147483647;
			files = (
				95D54CD1232A30D100139542 /* NewTests.swift in Sources */,
			);
			runOnlyForDeploymentPostprocessing = 0;
		};
		95D54CD3232A30D100139542 /* Sources */ = {
			isa = PBXSourcesBuildPhase;
			buildActionMask = 2147483647;
			files = (
				95D54CDC232A30D100139542 /* NewUITests.swift in Sources */,
			);
			runOnlyForDeploymentPostprocessing = 0;
		};
/* End PBXSourcesBuildPhase section */

/* Begin PBXTargetDependency section */
		95D54CCE232A30D100139542 /* PBXTargetDependency */ = {
			isa = PBXTargetDependency;
			target = 95D54CB4232A30D000139542 /* New */;
			targetProxy = 95D54CCD232A30D100139542 /* PBXContainerItemProxy */;
		};
		95D54CD9232A30D100139542 /* PBXTargetDependency */ = {
			isa = PBXTargetDependency;
			target = 95D54CB4232A30D000139542 /* New */;
			targetProxy = 95D54CD8232A30D100139542 /* PBXContainerItemProxy */;
		};
/* End PBXTargetDependency section */

/* Begin PBXVariantGroup section */
		95D54CBC232A30D000139542 /* Main.storyboard */ = {
			isa = PBXVariantGroup;
			children = (
				95D54CBD232A30D000139542 /* Base */,
			);
			name = Main.storyboard;
			sourceTree = "<group>";
		};
		95D54CC4232A30D100139542 /* LaunchScreen.storyboard */ = {
			isa = PBXVariantGroup;
			children = (
				95D54CC5232A30D100139542 /* Base */,
			);
			name = LaunchScreen.storyboard;
			sourceTree = "<group>";
		};
/* End PBXVariantGroup section */

/* Begin XCBuildConfiguration section */
		95D54CDE232A30D100139542 /* Debug */ = {
			isa = XCBuildConfiguration;
			buildSettings = {
				ALWAYS_SEARCH_USER_PATHS = NO;
				CLANG_ANALYZER_NONNULL = YES;
				CLANG_ANALYZER_NUMBER_OBJECT_CONVERSION = YES_AGGRESSIVE;
				CLANG_CXX_LANGUAGE_STANDARD = "gnu++14";
				CLANG_CXX_LIBRARY = "libc++";
				CLANG_ENABLE_MODULES = YES;
				CLANG_ENABLE_OBJC_ARC = YES;
				CLANG_ENABLE_OBJC_WEAK = YES;
				CLANG_WARN_BLOCK_CAPTURE_AUTORELEASING = YES;
				CLANG_WARN_BOOL_CONVERSION = YES;
				CLANG_WARN_COMMA = YES;
				CLANG_WARN_CONSTANT_CONVERSION = YES;
				CLANG_WARN_DEPRECATED_OBJC_IMPLEMENTATIONS = YES;
				CLANG_WARN_DIRECT_OBJC_ISA_USAGE = YES_ERROR;
				CLANG_WARN_DOCUMENTATION_COMMENTS = YES;
				CLANG_WARN_EMPTY_BODY = YES;
				CLANG_WARN_ENUM_CONVERSION = YES;
				CLANG_WARN_INFINITE_RECURSION = YES;
				CLANG_WARN_INT_CONVERSION = YES;
				CLANG_WARN_NON_LITERAL_NULL_CONVERSION = YES;
				CLANG_WARN_OBJC_IMPLICIT_RETAIN_SELF = YES;
				CLANG_WARN_OBJC_LITERAL_CONVERSION = YES;
				CLANG_WARN_OBJC_ROOT_CLASS = YES_ERROR;
				CLANG_WARN_RANGE_LOOP_ANALYSIS = YES;
				CLANG_WARN_STRICT_PROTOTYPES = YES;
				CLANG_WARN_SUSPICIOUS_MOVE = YES;
				CLANG_WARN_UNGUARDED_AVAILABILITY = YES_AGGRESSIVE;
				CLANG_WARN_UNREACHABLE_CODE = YES;
				CLANG_WARN__DUPLICATE_METHOD_MATCH = YES;
				CODE_SIGN_IDENTITY = "iPhone Developer";
				COPY_PHASE_STRIP = NO;
				DEBUG_INFORMATION_FORMAT = dwarf;
				ENABLE_STRICT_OBJC_MSGSEND = YES;
				ENABLE_TESTABILITY = YES;
				GCC_C_LANGUAGE_STANDARD = gnu11;
				GCC_DYNAMIC_NO_PIC = NO;
				GCC_NO_COMMON_BLOCKS = YES;
				GCC_OPTIMIZATION_LEVEL = 0;
				GCC_PREPROCESSOR_DEFINITIONS = (
					"DEBUG=1",
					"$(inherited)",
				);
				GCC_WARN_64_TO_32_BIT_CONVERSION = YES;
				GCC_WARN_ABOUT_RETURN_TYPE = YES_ERROR;
				GCC_WARN_UNDECLARED_SELECTOR = YES;
				GCC_WARN_UNINITIALIZED_AUTOS = YES_AGGRESSIVE;
				GCC_WARN_UNUSED_FUNCTION = YES;
				GCC_WARN_UNUSED_VARIABLE = YES;
				IPHONEOS_DEPLOYMENT_TARGET = 12.4;
				MTL_ENABLE_DEBUG_INFO = INCLUDE_SOURCE;
				MTL_FAST_MATH = YES;
				ONLY_ACTIVE_ARCH = YES;
				SDKROOT = iphoneos;
				SWIFT_ACTIVE_COMPILATION_CONDITIONS = DEBUG;
				SWIFT_OPTIMIZATION_LEVEL = "-Onone";
			};
			name = Debug;
		};
		95D54CDF232A30D100139542 /* Release */ = {
			isa = XCBuildConfiguration;
			buildSettings = {
				ALWAYS_SEARCH_USER_PATHS = NO;
				CLANG_ANALYZER_NONNULL = YES;
				CLANG_ANALYZER_NUMBER_OBJECT_CONVERSION = YES_AGGRESSIVE;
				CLANG_CXX_LANGUAGE_STANDARD = "gnu++14";
				CLANG_CXX_LIBRARY = "libc++";
				CLANG_ENABLE_MODULES = YES;
				CLANG_ENABLE_OBJC_ARC = YES;
				CLANG_ENABLE_OBJC_WEAK = YES;
				CLANG_WARN_BLOCK_CAPTURE_AUTORELEASING = YES;
				CLANG_WARN_BOOL_CONVERSION = YES;
				CLANG_WARN_COMMA = YES;
				CLANG_WARN_CONSTANT_CONVERSION = YES;
				CLANG_WARN_DEPRECATED_OBJC_IMPLEMENTATIONS = YES;
				CLANG_WARN_DIRECT_OBJC_ISA_USAGE = YES_ERROR;
				CLANG_WARN_DOCUMENTATION_COMMENTS = YES;
				CLANG_WARN_EMPTY_BODY = YES;
				CLANG_WARN_ENUM_CONVERSION = YES;
				CLANG_WARN_INFINITE_RECURSION = YES;
				CLANG_WARN_INT_CONVERSION = YES;
				CLANG_WARN_NON_LITERAL_NULL_CONVERSION = YES;
				CLANG_WARN_OBJC_IMPLICIT_RETAIN_SELF = YES;
				CLANG_WARN_OBJC_LITERAL_CONVERSION = YES;
				CLANG_WARN_OBJC_ROOT_CLASS = YES_ERROR;
				CLANG_WARN_RANGE_LOOP_ANALYSIS = YES;
				CLANG_WARN_STRICT_PROTOTYPES = YES;
				CLANG_WARN_SUSPICIOUS_MOVE = YES;
				CLANG_WARN_UNGUARDED_AVAILABILITY = YES_AGGRESSIVE;
				CLANG_WARN_UNREACHABLE_CODE = YES;
				CLANG_WARN__DUPLICATE_METHOD_MATCH = YES;
				CODE_SIGN_IDENTITY = "iPhone Developer";
				COPY_PHASE_STRIP = NO;
				DEBUG_INFORMATION_FORMAT = "dwarf-with-dsym";
				ENABLE_NS_ASSERTIONS = NO;
				ENABLE_STRICT_OBJC_MSGSEND = YES;
				GCC_C_LANGUAGE_STANDARD = gnu11;
				GCC_NO_COMMON_BLOCKS = YES;
				GCC_WARN_64_TO_32_BIT_CONVERSION = YES;
				GCC_WARN_ABOUT_RETURN_TYPE = YES_ERROR;
				GCC_WARN_UNDECLARED_SELECTOR = YES;
				GCC_WARN_UNINITIALIZED_AUTOS = YES_AGGRESSIVE;
				GCC_WARN_UNUSED_FUNCTION = YES;
				GCC_WARN_UNUSED_VARIABLE = YES;
				IPHONEOS_DEPLOYMENT_TARGET = 12.4;
				MTL_ENABLE_DEBUG_INFO = NO;
				MTL_FAST_MATH = YES;
				SDKROOT = iphoneos;
				SWIFT_COMPILATION_MODE = wholemodule;
				SWIFT_OPTIMIZATION_LEVEL = "-O";
				VALIDATE_PRODUCT = YES;
			};
			name = Release;
		};
		95D54CE1232A30D100139542 /* Debug */ = {
			isa = XCBuildConfiguration;
			buildSettings = {
				ASSETCATALOG_COMPILER_APPICON_NAME = AppIcon;
				CODE_SIGN_STYLE = Automatic;
				DEVELOPMENT_TEAM = NN5D7L63BX;
				INFOPLIST_FILE = New/Info.plist;
				LD_RUNPATH_SEARCH_PATHS = (
					"$(inherited)",
					"@executable_path/Frameworks",
				);
				PRODUCT_BUNDLE_IDENTIFIER = daihai.test.new.New;
				PRODUCT_NAME = "$(TARGET_NAME)";
				SWIFT_VERSION = 5.0;
				TARGETED_DEVICE_FAMILY = "1,2";
			};
			name = Debug;
		};
		95D54CE2232A30D100139542 /* Release */ = {
			isa = XCBuildConfiguration;
			buildSettings = {
				ASSETCATALOG_COMPILER_APPICON_NAME = AppIcon;
				CODE_SIGN_STYLE = Automatic;
				DEVELOPMENT_TEAM = NN5D7L63BX;
				INFOPLIST_FILE = New/Info.plist;
				LD_RUNPATH_SEARCH_PATHS = (
					"$(inherited)",
					"@executable_path/Frameworks",
				);
				PRODUCT_BUNDLE_IDENTIFIER = daihai.test.new.New;
				PRODUCT_NAME = "$(TARGET_NAME)";
				SWIFT_VERSION = 5.0;
				TARGETED_DEVICE_FAMILY = "1,2";
			};
			name = Release;
		};
		95D54CE4232A30D100139542 /* Debug */ = {
			isa = XCBuildConfiguration;
			buildSettings = {
				ALWAYS_EMBED_SWIFT_STANDARD_LIBRARIES = YES;
				BUNDLE_LOADER = "$(TEST_HOST)";
				CODE_SIGN_STYLE = Automatic;
				DEVELOPMENT_TEAM = NN5D7L63BX;
				INFOPLIST_FILE = NewTests/Info.plist;
				LD_RUNPATH_SEARCH_PATHS = (
					"$(inherited)",
					"@executable_path/Frameworks",
					"@loader_path/Frameworks",
				);
				PRODUCT_BUNDLE_IDENTIFIER = daihai.test.new.NewTests;
				PRODUCT_NAME = "$(TARGET_NAME)";
				SWIFT_VERSION = 5.0;
				TARGETED_DEVICE_FAMILY = "1,2";
				TEST_HOST = "$(BUILT_PRODUCTS_DIR)/New.app/New";
			};
			name = Debug;
		};
		95D54CE5232A30D100139542 /* Release */ = {
			isa = XCBuildConfiguration;
			buildSettings = {
				ALWAYS_EMBED_SWIFT_STANDARD_LIBRARIES = YES;
				BUNDLE_LOADER = "$(TEST_HOST)";
				CODE_SIGN_STYLE = Automatic;
				DEVELOPMENT_TEAM = NN5D7L63BX;
				INFOPLIST_FILE = NewTests/Info.plist;
				LD_RUNPATH_SEARCH_PATHS = (
					"$(inherited)",
					"@executable_path/Frameworks",
					"@loader_path/Frameworks",
				);
				PRODUCT_BUNDLE_IDENTIFIER = daihai.test.new.NewTests;
				PRODUCT_NAME = "$(TARGET_NAME)";
				SWIFT_VERSION = 5.0;
				TARGETED_DEVICE_FAMILY = "1,2";
				TEST_HOST = "$(BUILT_PRODUCTS_DIR)/New.app/New";
			};
			name = Release;
		};
		95D54CE7232A30D100139542 /* Debug */ = {
			isa = XCBuildConfiguration;
			buildSettings = {
				ALWAYS_EMBED_SWIFT_STANDARD_LIBRARIES = YES;
				CODE_SIGN_STYLE = Automatic;
				DEVELOPMENT_TEAM = NN5D7L63BX;
				INFOPLIST_FILE = NewUITests/Info.plist;
				LD_RUNPATH_SEARCH_PATHS = (
					"$(inherited)",
					"@executable_path/Frameworks",
					"@loader_path/Frameworks",
				);
				PRODUCT_BUNDLE_IDENTIFIER = daihai.test.new.NewUITests;
				PRODUCT_NAME = "$(TARGET_NAME)";
				SWIFT_VERSION = 5.0;
				TARGETED_DEVICE_FAMILY = "1,2";
				TEST_TARGET_NAME = New;
			};
			name = Debug;
		};
		95D54CE8232A30D100139542 /* Release */ = {
			isa = XCBuildConfiguration;
			buildSettings = {
				ALWAYS_EMBED_SWIFT_STANDARD_LIBRARIES = YES;
				CODE_SIGN_STYLE = Automatic;
				DEVELOPMENT_TEAM = NN5D7L63BX;
				INFOPLIST_FILE = NewUITests/Info.plist;
				LD_RUNPATH_SEARCH_PATHS = (
					"$(inherited)",
					"@executable_path/Frameworks",
					"@loader_path/Frameworks",
				);
				PRODUCT_BUNDLE_IDENTIFIER = daihai.test.new.NewUITests;
				PRODUCT_NAME = "$(TARGET_NAME)";
				SWIFT_VERSION = 5.0;
				TARGETED_DEVICE_FAMILY = "1,2";
				TEST_TARGET_NAME = New;
			};
			name = Release;
		};
/* End XCBuildConfiguration section */

/* Begin XCConfigurationList section */
		95D54CB0232A30D000139542 /* Build configuration list for PBXProject "New" */ = {
			isa = XCConfigurationList;
			buildConfigurations = (
				95D54CDE232A30D100139542 /* Debug */,
				95D54CDF232A30D100139542 /* Release */,
			);
			defaultConfigurationIsVisible = 0;
			defaultConfigurationName = Release;
		};
		95D54CE0232A30D100139542 /* Build configuration list for PBXNativeTarget "New" */ = {
			isa = XCConfigurationList;
			buildConfigurations = (
				95D54CE1232A30D100139542 /* Debug */,
				95D54CE2232A30D100139542 /* Release */,
			);
			defaultConfigurationIsVisible = 0;
			defaultConfigurationName = Release;
		};
		95D54CE3232A30D100139542 /* Build configuration list for PBXNativeTarget "NewTests" */ = {
			isa = XCConfigurationList;
			buildConfigurations = (
				95D54CE4232A30D100139542 /* Debug */,
				95D54CE5232A30D100139542 /* Release */,
			);
			defaultConfigurationIsVisible = 0;
			defaultConfigurationName = Release;
		};
		95D54CE6232A30D100139542 /* Build configuration list for PBXNativeTarget "NewUITests" */ = {
			isa = XCConfigurationList;
			buildConfigurations = (
				95D54CE7232A30D100139542 /* Debug */,
				95D54CE8232A30D100139542 /* Release */,
			);
			defaultConfigurationIsVisible = 0;
			defaultConfigurationName = Release;
		};
/* End XCConfigurationList section */

/* Begin XCVersionGroup section */
		95D54CBF232A30D000139542 /* New.xcdatamodeld */ = {
			isa = XCVersionGroup;
			children = (
				95D54CC0232A30D000139542 /* New.xcdatamodel */,
			);
			currentVersion = 95D54CC0232A30D000139542 /* New.xcdatamodel */;
			path = New.xcdatamodeld;
			sourceTree = "<group>";
			versionGroupType = wrapper.xcdatamodel;
		};
/* End XCVersionGroup section */
	};
	rootObject = 95D54CAD232A30D000139542 /* Project object */;
}
